Microsoft Visual Studio Solution File, Format Version 12.00
# Visual Studio Version 17
VisualStudioVersion = 17.5.2.0
MinimumVisualStudioVersion = 10.0.40219.1
Project("{FAE04EC0-301F-11D3-BF4B-00C04F79EFBC}") = "Leave_Management_System", "Leave_Management_System.csproj", "{7B282012-F2FD-2720-E565-CA57732BBDA2}"
EndProject
Global
	GlobalSection(SolutionConfigurationPlatforms) = preSolution
		Debug|Any CPU = Debug|Any CPU
		Release|Any CPU = Release|Any CPU
	EndGlobalSection
	GlobalSection(ProjectConfigurationPlatforms) = postSolution
		{7B282012-F2FD-2720-E565-CA57732BBDA2}.Debug|Any CPU.ActiveCfg = Debug|Any CPU
		{7B282012-F2FD-2720-E565-CA57732BBDA2}.Debug|Any CPU.Build.0 = Debug|Any CPU
		{7B282012-F2FD-2720-E565-CA57732BBDA2}.Release|Any CPU.ActiveCfg = Release|Any CPU
		{7B282012-F2FD-2720-E565-CA57732BBDA2}.Release|Any CPU.Build.0 = Release|Any CPU
	EndGlobalSection
	GlobalSection(SolutionProperties) = preSolution
		HideSolutionNode = FALSE
	EndGlobalSection
	GlobalSection(ExtensibilityGlobals) = postSolution
		SolutionGuid = {3CD3E6D0-57AE-4357-81A1-631085250692}
	EndGlobalSection
EndGlobal
